
Microsoft Visual Studio Solution File, Format Version 12.00
# Visual Studio Version 17
VisualStudioVersion = 17.14.36212.18 d17.14
MinimumVisualStudioVersion = 10.0.40219.1
Project("{FAE04EC0-301F-11D3-BF4B-00C04F79EFBC}") = "VInc", "VInc\VInc.csproj", "{C9F1F1C7-E06B-4AF2-A941-E5FD6A45A850}"
EndProject
Global
	GlobalSection(SolutionConfigurationPlatforms) = preSolution
		Debug|Any CPU = Debug|Any CPU
		Release|Any CPU = Release|Any CPU
	EndGlobalSection
	GlobalSection(ProjectConfigurationPlatforms) = postSolution
		{C9F1F1C7-E06B-4AF2-A941-E5FD6A45A850}.Debug|Any CPU.ActiveCfg = Debug|Any CPU
		{C9F1F1C7-E06B-4AF2-A941-E5FD6A45A850}.Debug|Any CPU.Build.0 = Debug|Any CPU
		{C9F1F1C7-E06B-4AF2-A941-E5FD6A45A850}.Release|Any CPU.ActiveCfg = Release|Any CPU
		{C9F1F1C7-E06B-4AF2-A941-E5FD6A45A850}.Release|Any CPU.Build.0 = Release|Any CPU
	EndGlobalSection
	GlobalSection(SolutionProperties) = preSolution
		HideSolutionNode = FALSE
	EndGlobalSection
	GlobalSection(ExtensibilityGlobals) = postSolution
		SolutionGuid = {7DEFF7B1-D20C-4609-AED0-CF740AE93466}
	EndGlobalSection
EndGlobal
